// !$*UTF8*$!
{
	archiveVersion = 1;
	classes = {
	};
	objectVersion = 46;
	objects = {

/* Begin PBXBuildFile section */
		2706EB3D1B6FA8AD009348A8 /* AppDelegate.swift in Sources */ = {isa = PBXBuildFile; fileRef = 2706EB3C1B6FA8AD009348A8 /* AppDelegate.swift */; };
		2706EB3F1B6FA8AD009348A8 /* TrackVC.swift in Sources */ = {isa = PBXBuildFile; fileRef = 2706EB3E1B6FA8AD009348A8 /* TrackVC.swift */; };
		2706EB421B6FA8AD009348A8 /* Main.storyboard in Resources */ = {isa = PBXBuildFile; fileRef = 2706EB401B6FA8AD009348A8 /* Main.storyboard */; };
		2706EB441B6FA8AD009348A8 /* Assets.xcassets in Resources */ = {isa = PBXBuildFile; fileRef = 2706EB431B6FA8AD009348A8 /* Assets.xcassets */; };
		2706EB471B6FA8AD009348A8 /* LaunchScreen.storyboard in Resources */ = {isa = PBXBuildFile; fileRef = 2706EB451B6FA8AD009348A8 /* LaunchScreen.storyboard */; };
		2706EB4F1B6FAE1B009348A8 /* HistoryVC.swift in Sources */ = {isa = PBXBuildFile; fileRef = 2706EB4E1B6FAE1B009348A8 /* HistoryVC.swift */; };
		2706EB511B6FB173009348A8 /* Meal.swift in Sources */ = {isa = PBXBuildFile; fileRef = 2706EB501B6FB173009348A8 /* Meal.swift */; };
		2706EB531B6FB1B5009348A8 /* MealType.swift in Sources */ = {isa = PBXBuildFile; fileRef = 2706EB521B6FB1B5009348A8 /* MealType.swift */; };
		2706EB551B6FB26E009348A8 /* DataController.swift in Sources */ = {isa = PBXBuildFile; fileRef = 2706EB541B6FB26E009348A8 /* DataController.swift */; };
		2706EB5D1B6FB2B1009348A8 /* DataControllerTests.swift in Sources */ = {isa = PBXBuildFile; fileRef = 2706EB5C1B6FB2B1009348A8 /* DataControllerTests.swift */; };
		279289261B6FC8FD0042F299 /* MealTests.swift in Sources */ = {isa = PBXBuildFile; fileRef = 279289251B6FC8FD0042F299 /* MealTests.swift */; };
		279289281B6FF53A0042F299 /* FakeDefaults.swift in Sources */ = {isa = PBXBuildFile; fileRef = 279289271B6FF53A0042F299 /* FakeDefaults.swift */; };
		2792892A1B701DA40042F299 /* HistoryBuilder.swift in Sources */ = {isa = PBXBuildFile; fileRef = 279289291B701DA40042F299 /* HistoryBuilder.swift */; };
		2792892C1B7021130042F299 /* History.swift in Sources */ = {isa = PBXBuildFile; fileRef = 2792892B1B7021130042F299 /* History.swift */; };
		2792892E1B7023420042F299 /* HistoryBuilderTests.swift in Sources */ = {isa = PBXBuildFile; fileRef = 2792892D1B7023420042F299 /* HistoryBuilderTests.swift */; };
		279289381B703B600042F299 /* Interface.storyboard in Resources */ = {isa = PBXBuildFile; fileRef = 279289361B703B600042F299 /* Interface.storyboard */; };
		2792893A1B703B600042F299 /* Assets.xcassets in Resources */ = {isa = PBXBuildFile; fileRef = 279289391B703B600042F299 /* Assets.xcassets */; };
		279289411B703B600042F299 /* FoodUpWatch Extension.appex in Embed App Extensions */ = {isa = PBXBuildFile; fileRef = 279289401B703B600042F299 /* FoodUpWatch Extension.appex */; settings = {ATTRIBUTES = (RemoveHeadersOnCopy, ); }; };
		279289461B703B600042F299 /* InterfaceController.swift in Sources */ = {isa = PBXBuildFile; fileRef = 279289451B703B600042F299 /* InterfaceController.swift */; };
		279289481B703B600042F299 /* ExtensionDelegate.swift in Sources */ = {isa = PBXBuildFile; fileRef = 279289471B703B600042F299 /* ExtensionDelegate.swift */; };
		2792894A1B703B600042F299 /* Assets.xcassets in Resources */ = {isa = PBXBuildFile; fileRef = 279289491B703B600042F299 /* Assets.xcassets */; };
		2792894E1B703B600042F299 /* FoodUpWatch.app in Embed Watch Content */ = {isa = PBXBuildFile; fileRef = 279289341B703B600042F299 /* FoodUpWatch.app */; };
/* End PBXBuildFile section */

/* Begin PBXContainerItemProxy section */
		2706EB5F1B6FB2B1009348A8 /* PBXContainerItemProxy */ = {
			isa = PBXContainerItemProxy;
			containerPortal = 2706EB311B6FA8AD009348A8 /* Project object */;
			proxyType = 1;
			remoteGlobalIDString = 2706EB381B6FA8AD009348A8;
			remoteInfo = FoodUp;
		};
		279289421B703B600042F299 /* PBXContainerItemProxy */ = {
			isa = PBXContainerItemProxy;
			containerPortal = 2706EB311B6FA8AD009348A8 /* Project object */;
			proxyType = 1;
			remoteGlobalIDString = 2792893F1B703B600042F299;
			remoteInfo = "FoodUpWatch Extension";
		};
		2792894C1B703B600042F299 /* PBXContainerItemProxy */ = {
			isa = PBXContainerItemProxy;
			containerPortal = 2706EB311B6FA8AD009348A8 /* Project object */;
			proxyType = 1;
			remoteGlobalIDString = 279289331B703B5F0042F299;
			remoteInfo = FoodUpWatch;
		};
/* End PBXContainerItemProxy section */

/* Begin PBXCopyFilesBuildPhase section */
		279289521B703B600042F299 /* Embed App Extensions */ = {
			isa = PBXCopyFilesBuildPhase;
			buildActionMask = 2147483647;
			dstPath = "";
			dstSubfolderSpec = 13;
			files = (
				279289411B703B600042F299 /* FoodUpWatch Extension.appex in Embed App Extensions */,
			);
			name = "Embed App Extensions";
			runOnlyForDeploymentPostprocessing = 0;
		};
		279289561B703B600042F299 /* Embed Watch Content */ = {
			isa = PBXCopyFilesBuildPhase;
			buildActionMask = 2147483647;
			dstPath = "$(CONTENTS_FOLDER_PATH)/Watch";
			dstSubfolderSpec = 16;
			files = (
				2792894E1B703B600042F299 /* FoodUpWatch.app in Embed Watch Content */,
			);
			name = "Embed Watch Content";
			runOnlyForDeploymentPostprocessing = 0;
		};
/* End PBXCopyFilesBuildPhase section */

/* Begin PBXFileReference section */
		2706EB391B6FA8AD009348A8 /* FoodUp.app */ = {isa = PBXFileReference; explicitFileType = wrapper.application; includeInIndex = 0; path = FoodUp.app; sourceTree = BUILT_PRODUCTS_DIR; };
		2706EB3C1B6FA8AD009348A8 /* AppDelegate.swift */ = {isa = PBXFileReference; lastKnownFileType = sourcecode.swift; path = AppDelegate.swift; sourceTree = "<group>"; };
		2706EB3E1B6FA8AD009348A8 /* TrackVC.swift */ = {isa = PBXFileReference; lastKnownFileType = sourcecode.swift; path = TrackVC.swift; sourceTree = "<group>"; };
		2706EB411B6FA8AD009348A8 /* Base */ = {isa = PBXFileReference; lastKnownFileType = file.storyboard; name = Base; path = Base.lproj/Main.storyboard; sourceTree = "<group>"; };
		2706EB431B6FA8AD009348A8 /* Assets.xcassets */ = {isa = PBXFileReference; lastKnownFileType = folder.assetcatalog; path = Assets.xcassets; sourceTree = "<group>"; };
		2706EB461B6FA8AD009348A8 /* Base */ = {isa = PBXFileReference; lastKnownFileType = file.storyboard; name = Base; path = Base.lproj/LaunchScreen.storyboard; sourceTree = "<group>"; };
		2706EB481B6FA8AD009348A8 /* Info.plist */ = {isa = PBXFileReference; lastKnownFileType = text.plist.xml; path = Info.plist; sourceTree = "<group>"; };
		2706EB4E1B6FAE1B009348A8 /* HistoryVC.swift */ = {isa = PBXFileReference; fileEncoding = 4; lastKnownFileType = sourcecode.swift; path = HistoryVC.swift; sourceTree = "<group>"; };
		2706EB501B6FB173009348A8 /* Meal.swift */ = {isa = PBXFileReference; fileEncoding = 4; lastKnownFileType = sourcecode.swift; path = Meal.swift; sourceTree = "<group>"; };
		2706EB521B6FB1B5009348A8 /* MealType.swift */ = {isa = PBXFileReference; fileEncoding = 4; lastKnownFileType = sourcecode.swift; path = MealType.swift; sourceTree = "<group>"; };
		2706EB541B6FB26E009348A8 /* DataController.swift */ = {isa = PBXFileReference; fileEncoding = 4; lastKnownFileType = sourcecode.swift; path = DataController.swift; sourceTree = "<group>"; };
		2706EB5A1B6FB2B1009348A8 /* FoodUpTests.xctest */ = {isa = PBXFileReference; explicitFileType = wrapper.cfbundle; includeInIndex = 0; path = FoodUpTests.xctest; sourceTree = BUILT_PRODUCTS_DIR; };
		2706EB5C1B6FB2B1009348A8 /* DataControllerTests.swift */ = {isa = PBXFileReference; lastKnownFileType = sourcecode.swift; path = DataControllerTests.swift; sourceTree = "<group>"; };
		2706EB5E1B6FB2B1009348A8 /* Info.plist */ = {isa = PBXFileReference; lastKnownFileType = text.plist.xml; path = Info.plist; sourceTree = "<group>"; };
		279289251B6FC8FD0042F299 /* MealTests.swift */ = {isa = PBXFileReference; fileEncoding = 4; lastKnownFileType = sourcecode.swift; path = MealTests.swift; sourceTree = "<group>"; };
		279289271B6FF53A0042F299 /* FakeDefaults.swift */ = {isa = PBXFileReference; fileEncoding = 4; lastKnownFileType = sourcecode.swift; path = FakeDefaults.swift; sourceTree = "<group>"; };
		279289291B701DA40042F299 /* HistoryBuilder.swift */ = {isa = PBXFileReference; fileEncoding = 4; lastKnownFileType = sourcecode.swift; path = HistoryBuilder.swift; sourceTree = "<group>"; };
		2792892B1B7021130042F299 /* History.swift */ = {isa = PBXFileReference; fileEncoding = 4; lastKnownFileType = sourcecode.swift; path = History.swift; sourceTree = "<group>"; };
		2792892D1B7023420042F299 /* HistoryBuilderTests.swift */ = {isa = PBXFileReference; fileEncoding = 4; lastKnownFileType = sourcecode.swift; path = HistoryBuilderTests.swift; sourceTree = "<group>"; };
		279289341B703B600042F299 /* FoodUpWatch.app */ = {isa = PBXFileReference; explicitFileType = wrapper.application; includeInIndex = 0; path = FoodUpWatch.app; sourceTree = BUILT_PRODUCTS_DIR; };
		279289371B703B600042F299 /* Base */ = {isa = PBXFileReference; lastKnownFileType = file.storyboard; name = Base; path = Base.lproj/Interface.storyboard; sourceTree = "<group>"; };
		279289391B703B600042F299 /* Assets.xcassets */ = {isa = PBXFileReference; lastKnownFileType = folder.assetcatalog; path = Assets.xcassets; sourceTree = "<group>"; };
		2792893B1B703B600042F299 /* Info.plist */ = {isa = PBXFileReference; lastKnownFileType = text.plist.xml; path = Info.plist; sourceTree = "<group>"; };
		279289401B703B600042F299 /* FoodUpWatch Extension.appex */ = {isa = PBXFileReference; explicitFileType = "wrapper.app-extension"; includeInIndex = 0; path = "FoodUpWatch Extension.appex"; sourceTree = BUILT_PRODUCTS_DIR; };
		279289451B703B600042F299 /* InterfaceController.swift */ = {isa = PBXFileReference; lastKnownFileType = sourcecode.swift; path = InterfaceController.swift; sourceTree = "<group>"; };
		279289471B703B600042F299 /* ExtensionDelegate.swift */ = {isa = PBXFileReference; lastKnownFileType = sourcecode.swift; path = ExtensionDelegate.swift; sourceTree = "<group>"; };
		279289491B703B600042F299 /* Assets.xcassets */ = {isa = PBXFileReference; lastKnownFileType = folder.assetcatalog; path = Assets.xcassets; sourceTree = "<group>"; };
		2792894B1B703B600042F299 /* Info.plist */ = {isa = PBXFileReference; lastKnownFileType = text.plist.xml; path = Info.plist; sourceTree = "<group>"; };
/* End PBXFileReference section */

/* Begin PBXFrameworksBuildPhase section */
		2706EB361B6FA8AD009348A8 /* Frameworks */ = {
			isa = PBXFrameworksBuildPhase;
			buildActionMask = 2147483647;
			files = (
			);
			runOnlyForDeploymentPostprocessing = 0;
		};
		2706EB571B6FB2B1009348A8 /* Frameworks */ = {
			isa = PBXFrameworksBuildPhase;
			buildActionMask = 2147483647;
			files = (
			);
			runOnlyForDeploymentPostprocessing = 0;
		};
		2792893D1B703B600042F299 /* Frameworks */ = {
			isa = PBXFrameworksBuildPhase;
			buildActionMask = 2147483647;
			files = (
			);
			runOnlyForDeploymentPostprocessing = 0;
		};
/* End PBXFrameworksBuildPhase section */

/* Begin PBXGroup section */
		2706EB301B6FA8AD009348A8 = {
			isa = PBXGroup;
			children = (
				2706EB3B1B6FA8AD009348A8 /* FoodUp */,
				2706EB5B1B6FB2B1009348A8 /* FoodUpTests */,
				279289351B703B600042F299 /* FoodUpWatch */,
				279289441B703B600042F299 /* FoodUpWatch Extension */,
				2706EB3A1B6FA8AD009348A8 /* Products */,
			);
			sourceTree = "<group>";
		};
		2706EB3A1B6FA8AD009348A8 /* Products */ = {
			isa = PBXGroup;
			children = (
				2706EB391B6FA8AD009348A8 /* FoodUp.app */,
				2706EB5A1B6FB2B1009348A8 /* FoodUpTests.xctest */,
				279289341B703B600042F299 /* FoodUpWatch.app */,
				279289401B703B600042F299 /* FoodUpWatch Extension.appex */,
			);
			name = Products;
			sourceTree = "<group>";
		};
		2706EB3B1B6FA8AD009348A8 /* FoodUp */ = {
			isa = PBXGroup;
			children = (
				2706EB3C1B6FA8AD009348A8 /* AppDelegate.swift */,
				2706EB541B6FB26E009348A8 /* DataController.swift */,
				2792892F1B70272E0042F299 /* History */,
				2706EB451B6FA8AD009348A8 /* LaunchScreen.storyboard */,
				2706EB401B6FA8AD009348A8 /* Main.storyboard */,
				279289301B70273A0042F299 /* Meal */,
				279289311B7027700042F299 /* Resources */,
				2706EB3E1B6FA8AD009348A8 /* TrackVC.swift */,
			);
			path = FoodUp;
			sourceTree = "<group>";
		};
		2706EB5B1B6FB2B1009348A8 /* FoodUpTests */ = {
			isa = PBXGroup;
			children = (
				2706EB5C1B6FB2B1009348A8 /* DataControllerTests.swift */,
				2706EB5E1B6FB2B1009348A8 /* Info.plist */,
				279289251B6FC8FD0042F299 /* MealTests.swift */,
				279289271B6FF53A0042F299 /* FakeDefaults.swift */,
				2792892D1B7023420042F299 /* HistoryBuilderTests.swift */,
			);
			path = FoodUpTests;
			sourceTree = "<group>";
		};
		2792892F1B70272E0042F299 /* History */ = {
			isa = PBXGroup;
			children = (
				2792892B1B7021130042F299 /* History.swift */,
				279289291B701DA40042F299 /* HistoryBuilder.swift */,
				2706EB4E1B6FAE1B009348A8 /* HistoryVC.swift */,
			);
			name = History;
			sourceTree = "<group>";
		};
		279289301B70273A0042F299 /* Meal */ = {
			isa = PBXGroup;
			children = (
				2706EB501B6FB173009348A8 /* Meal.swift */,
				2706EB521B6FB1B5009348A8 /* MealType.swift */,
			);
			name = Meal;
			sourceTree = "<group>";
		};
		279289311B7027700042F299 /* Resources */ = {
			isa = PBXGroup;
			children = (
				2706EB431B6FA8AD009348A8 /* Assets.xcassets */,
				2706EB481B6FA8AD009348A8 /* Info.plist */,
			);
			name = Resources;
			sourceTree = "<group>";
		};
		279289351B703B600042F299 /* FoodUpWatch */ = {
			isa = PBXGroup;
			children = (
				279289361B703B600042F299 /* Interface.storyboard */,
				279289391B703B600042F299 /* Assets.xcassets */,
				2792893B1B703B600042F299 /* Info.plist */,
			);
			path = FoodUpWatch;
			sourceTree = "<group>";
		};
		279289441B703B600042F299 /* FoodUpWatch Extension */ = {
			isa = PBXGroup;
			children = (
				279289451B703B600042F299 /* InterfaceController.swift */,
				279289471B703B600042F299 /* ExtensionDelegate.swift */,
				279289491B703B600042F299 /* Assets.xcassets */,
				2792894B1B703B600042F299 /* Info.plist */,
			);
			path = "FoodUpWatch Extension";
			sourceTree = "<group>";
		};
/* End PBXGroup section */

/* Begin PBXNativeTarget section */
		2706EB381B6FA8AD009348A8 /* FoodUp */ = {
			isa = PBXNativeTarget;
			buildConfigurationList = 2706EB4B1B6FA8AD009348A8 /* Build configuration list for PBXNativeTarget "FoodUp" */;
			buildPhases = (
				2706EB351B6FA8AD009348A8 /* Sources */,
				2706EB361B6FA8AD009348A8 /* Frameworks */,
				2706EB371B6FA8AD009348A8 /* Resources */,
				279289561B703B600042F299 /* Embed Watch Content */,
			);
			buildRules = (
			);
			dependencies = (
				2792894D1B703B600042F299 /* PBXTargetDependency */,
			);
			name = FoodUp;
			productName = FoodUp;
			productReference = 2706EB391B6FA8AD009348A8 /* FoodUp.app */;
			productType = "com.apple.product-type.application";
		};
		2706EB591B6FB2B1009348A8 /* FoodUpTests */ = {
			isa = PBXNativeTarget;
			buildConfigurationList = 2706EB611B6FB2B1009348A8 /* Build configuration list for PBXNativeTarget "FoodUpTests" */;
			buildPhases = (
				2706EB561B6FB2B1009348A8 /* Sources */,
				2706EB571B6FB2B1009348A8 /* Frameworks */,
				2706EB581B6FB2B1009348A8 /* Resources */,
			);
			buildRules = (
			);
			dependencies = (
				2706EB601B6FB2B1009348A8 /* PBXTargetDependency */,
			);
			name = FoodUpTests;
			productName = FoodUpTests;
			productReference = 2706EB5A1B6FB2B1009348A8 /* FoodUpTests.xctest */;
			productType = "com.apple.product-type.bundle.unit-test";
		};
		279289331B703B5F0042F299 /* FoodUpWatch */ = {
			isa = PBXNativeTarget;
			buildConfigurationList = 279289531B703B600042F299 /* Build configuration list for PBXNativeTarget "FoodUpWatch" */;
			buildPhases = (
				279289321B703B5F0042F299 /* Resources */,
				279289521B703B600042F299 /* Embed App Extensions */,
			);
			buildRules = (
			);
			dependencies = (
				279289431B703B600042F299 /* PBXTargetDependency */,
			);
			name = FoodUpWatch;
			productName = FoodUpWatch;
			productReference = 279289341B703B600042F299 /* FoodUpWatch.app */;
			productType = "com.apple.product-type.application.watchapp2";
		};
		2792893F1B703B600042F299 /* FoodUpWatch Extension */ = {
			isa = PBXNativeTarget;
			buildConfigurationList = 2792894F1B703B600042F299 /* Build configuration list for PBXNativeTarget "FoodUpWatch Extension" */;
			buildPhases = (
				2792893C1B703B600042F299 /* Sources */,
				2792893D1B703B600042F299 /* Frameworks */,
				2792893E1B703B600042F299 /* Resources */,
			);
			buildRules = (
			);
			dependencies = (
			);
			name = "FoodUpWatch Extension";
			productName = "FoodUpWatch Extension";
			productReference = 279289401B703B600042F299 /* FoodUpWatch Extension.appex */;
			productType = "com.apple.product-type.watchkit2-extension";
		};
/* End PBXNativeTarget section */

/* Begin PBXProject section */
		2706EB311B6FA8AD009348A8 /* Project object */ = {
			isa = PBXProject;
			attributes = {
				LastUpgradeCheck = 0700;
				ORGANIZATIONNAME = "Sundeep Gupta";
				TargetAttributes = {
					2706EB381B6FA8AD009348A8 = {
						CreatedOnToolsVersion = 7.0;
					};
					2706EB591B6FB2B1009348A8 = {
						CreatedOnToolsVersion = 7.0;
						TestTargetID = 2706EB381B6FA8AD009348A8;
					};
					279289331B703B5F0042F299 = {
						CreatedOnToolsVersion = 7.0;
					};
					2792893F1B703B600042F299 = {
						CreatedOnToolsVersion = 7.0;
					};
				};
			};
			buildConfigurationList = 2706EB341B6FA8AD009348A8 /* Build configuration list for PBXProject "FoodUp" */;
			compatibilityVersion = "Xcode 3.2";
			developmentRegion = English;
			hasScannedForEncodings = 0;
			knownRegions = (
				en,
				Base,
			);
			mainGroup = 2706EB301B6FA8AD009348A8;
			productRefGroup = 2706EB3A1B6FA8AD009348A8 /* Products */;
			projectDirPath = "";
			projectRoot = "";
			targets = (
				2706EB381B6FA8AD009348A8 /* FoodUp */,
				2706EB591B6FB2B1009348A8 /* FoodUpTests */,
				279289331B703B5F0042F299 /* FoodUpWatch */,
				2792893F1B703B600042F299 /* FoodUpWatch Extension */,
			);
		};
/* End PBXProject section */

/* Begin PBXResourcesBuildPhase section */
		2706EB371B6FA8AD009348A8 /* Resources */ = {
			isa = PBXResourcesBuildPhase;
			buildActionMask = 2147483647;
			files = (
				2706EB471B6FA8AD009348A8 /* LaunchScreen.storyboard in Resources */,
				2706EB441B6FA8AD009348A8 /* Assets.xcassets in Resources */,
				2706EB421B6FA8AD009348A8 /* Main.storyboard in Resources */,
			);
			runOnlyForDeploymentPostprocessing = 0;
		};
		2706EB581B6FB2B1009348A8 /* Resources */ = {
			isa = PBXResourcesBuildPhase;
			buildActionMask = 2147483647;
			files = (
			);
			runOnlyForDeploymentPostprocessing = 0;
		};
		279289321B703B5F0042F299 /* Resources */ = {
			isa = PBXResourcesBuildPhase;
			buildActionMask = 2147483647;
			files = (
				2792893A1B703B600042F299 /* Assets.xcassets in Resources */,
				279289381B703B600042F299 /* Interface.storyboard in Resources */,
			);
			runOnlyForDeploymentPostprocessing = 0;
		};
		2792893E1B703B600042F299 /* Resources */ = {
			isa = PBXResourcesBuildPhase;
			buildActionMask = 2147483647;
			files = (
				2792894A1B703B600042F299 /* Assets.xcassets in Resources */,
			);
			runOnlyForDeploymentPostprocessing = 0;
		};
/* End PBXResourcesBuildPhase section */

/* Begin PBXSourcesBuildPhase section */
		2706EB351B6FA8AD009348A8 /* Sources */ = {
			isa = PBXSourcesBuildPhase;
			buildActionMask = 2147483647;
			files = (
				2706EB511B6FB173009348A8 /* Meal.swift in Sources */,
				2706EB551B6FB26E009348A8 /* DataController.swift in Sources */,
				2792892C1B7021130042F299 /* History.swift in Sources */,
				2792892A1B701DA40042F299 /* HistoryBuilder.swift in Sources */,
				2706EB3F1B6FA8AD009348A8 /* TrackVC.swift in Sources */,
				2706EB4F1B6FAE1B009348A8 /* HistoryVC.swift in Sources */,
				2706EB3D1B6FA8AD009348A8 /* AppDelegate.swift in Sources */,
				2706EB531B6FB1B5009348A8 /* MealType.swift in Sources */,
			);
			runOnlyForDeploymentPostprocessing = 0;
		};
		2706EB561B6FB2B1009348A8 /* Sources */ = {
			isa = PBXSourcesBuildPhase;
			buildActionMask = 2147483647;
			files = (
				2792892E1B7023420042F299 /* HistoryBuilderTests.swift in Sources */,
				279289281B6FF53A0042F299 /* FakeDefaults.swift in Sources */,
				279289261B6FC8FD0042F299 /* MealTests.swift in Sources */,
				2706EB5D1B6FB2B1009348A8 /* DataControllerTests.swift in Sources */,
			);
			runOnlyForDeploymentPostprocessing = 0;
		};
		2792893C1B703B600042F299 /* Sources */ = {
			isa = PBXSourcesBuildPhase;
			buildActionMask = 2147483647;
			files = (
				279289481B703B600042F299 /* ExtensionDelegate.swift in Sources */,
				279289461B703B600042F299 /* InterfaceController.swift in Sources */,
			);
			runOnlyForDeploymentPostprocessing = 0;
		};
/* End PBXSourcesBuildPhase section */

/* Begin PBXTargetDependency section */
		2706EB601B6FB2B1009348A8 /* PBXTargetDependency */ = {
			isa = PBXTargetDependency;
			target = 2706EB381B6FA8AD009348A8 /* FoodUp */;
			targetProxy = 2706EB5F1B6FB2B1009348A8 /* PBXContainerItemProxy */;
		};
		279289431B703B600042F299 /* PBXTargetDependency */ = {
			isa = PBXTargetDependency;
			target = 2792893F1B703B600042F299 /* FoodUpWatch Extension */;
			targetProxy = 279289421B703B600042F299 /* PBXContainerItemProxy */;
		};
		2792894D1B703B600042F299 /* PBXTargetDependency */ = {
			isa = PBXTargetDependency;
			target = 279289331B703B5F0042F299 /* FoodUpWatch */;
			targetProxy = 2792894C1B703B600042F299 /* PBXContainerItemProxy */;
		};
/* End PBXTargetDependency section */

/* Begin PBXVariantGroup section */
		2706EB401B6FA8AD009348A8 /* Main.storyboard */ = {
			isa = PBXVariantGroup;
			children = (
				2706EB411B6FA8AD009348A8 /* Base */,
			);
			name = Main.storyboard;
			sourceTree = "<group>";
		};
		2706EB451B6FA8AD009348A8 /* LaunchScreen.storyboard */ = {
			isa = PBXVariantGroup;
			children = (
				2706EB461B6FA8AD009348A8 /* Base */,
			);
			name = LaunchScreen.storyboard;
			sourceTree = "<group>";
		};
		279289361B703B600042F299 /* Interface.storyboard */ = {
			isa = PBXVariantGroup;
			children = (
				279289371B703B600042F299 /* Base */,
			);
			name = Interface.storyboard;
			sourceTree = "<group>";
		};
/* End PBXVariantGroup section */

/* Begin XCBuildConfiguration section */
		2706EB491B6FA8AD009348A8 /* Debug */ = {
			isa = XCBuildConfiguration;
			buildSettings = {
				ALWAYS_SEARCH_USER_PATHS = NO;
				CLANG_CXX_LANGUAGE_STANDARD = "gnu++0x";
				CLANG_CXX_LIBRARY = "libc++";
				CLANG_ENABLE_MODULES = YES;
				CLANG_ENABLE_OBJC_ARC = YES;
				CLANG_WARN_BOOL_CONVERSION = YES;
				CLANG_WARN_CONSTANT_CONVERSION = YES;
				CLANG_WARN_DIRECT_OBJC_ISA_USAGE = YES_ERROR;
				CLANG_WARN_EMPTY_BODY = YES;
				CLANG_WARN_ENUM_CONVERSION = YES;
				CLANG_WARN_INT_CONVERSION = YES;
				CLANG_WARN_OBJC_ROOT_CLASS = YES_ERROR;
				CLANG_WARN_UNREACHABLE_CODE = YES;
				CLANG_WARN__DUPLICATE_METHOD_MATCH = YES;
				"CODE_SIGN_IDENTITY[sdk=iphoneos*]" = "iPhone Developer";
				COPY_PHASE_STRIP = NO;
				DEBUG_INFORMATION_FORMAT = dwarf;
				ENABLE_STRICT_OBJC_MSGSEND = YES;
				ENABLE_TESTABILITY = YES;
				GCC_C_LANGUAGE_STANDARD = gnu99;
				GCC_DYNAMIC_NO_PIC = NO;
				GCC_NO_COMMON_BLOCKS = YES;
				GCC_OPTIMIZATION_LEVEL = 0;
				GCC_PREPROCESSOR_DEFINITIONS = (
					"DEBUG=1",
					"$(inherited)",
				);
				GCC_WARN_64_TO_32_BIT_CONVERSION = YES;
				GCC_WARN_ABOUT_RETURN_TYPE = YES_ERROR;
				GCC_WARN_UNDECLARED_SELECTOR = YES;
				GCC_WARN_UNINITIALIZED_AUTOS = YES_AGGRESSIVE;
				GCC_WARN_UNUSED_FUNCTION = YES;
				GCC_WARN_UNUSED_VARIABLE = YES;
				IPHONEOS_DEPLOYMENT_TARGET = 9.0;
				MTL_ENABLE_DEBUG_INFO = YES;
				ONLY_ACTIVE_ARCH = YES;
				SDKROOT = iphoneos;
				SWIFT_OPTIMIZATION_LEVEL = "-Onone";
			};
			name = Debug;
		};
		2706EB4A1B6FA8AD009348A8 /* Release */ = {
			isa = XCBuildConfiguration;
			buildSettings = {
				ALWAYS_SEARCH_USER_PATHS = NO;
				CLANG_CXX_LANGUAGE_STANDARD = "gnu++0x";
				CLANG_CXX_LIBRARY = "libc++";
				CLANG_ENABLE_MODULES = YES;
				CLANG_ENABLE_OBJC_ARC = YES;
				CLANG_WARN_BOOL_CONVERSION = YES;
				CLANG_WARN_CONSTANT_CONVERSION = YES;
				CLANG_WARN_DIRECT_OBJC_ISA_USAGE = YES_ERROR;
				CLANG_WARN_EMPTY_BODY = YES;
				CLANG_WARN_ENUM_CONVERSION = YES;
				CLANG_WARN_INT_CONVERSION = YES;
				CLANG_WARN_OBJC_ROOT_CLASS = YES_ERROR;
				CLANG_WARN_UNREACHABLE_CODE = YES;
				CLANG_WARN__DUPLICATE_METHOD_MATCH = YES;
				"CODE_SIGN_IDENTITY[sdk=iphoneos*]" = "iPhone Developer";
				COPY_PHASE_STRIP = NO;
				DEBUG_INFORMATION_FORMAT = "dwarf-with-dsym";
				ENABLE_NS_ASSERTIONS = NO;
				ENABLE_STRICT_OBJC_MSGSEND = YES;
				GCC_C_LANGUAGE_STANDARD = gnu99;
				GCC_NO_COMMON_BLOCKS = YES;
				GCC_WARN_64_TO_32_BIT_CONVERSION = YES;
				GCC_WARN_ABOUT_RETURN_TYPE = YES_ERROR;
				GCC_WARN_UNDECLARED_SELECTOR = YES;
				GCC_WARN_UNINITIALIZED_AUTOS = YES_AGGRESSIVE;
				GCC_WARN_UNUSED_FUNCTION = YES;
				GCC_WARN_UNUSED_VARIABLE = YES;
				IPHONEOS_DEPLOYMENT_TARGET = 9.0;
				MTL_ENABLE_DEBUG_INFO = NO;
				SDKROOT = iphoneos;
				VALIDATE_PRODUCT = YES;
			};
			name = Release;
		};
		2706EB4C1B6FA8AD009348A8 /* Debug */ = {
			isa = XCBuildConfiguration;
			buildSettings = {
				ASSETCATALOG_COMPILER_APPICON_NAME = AppIcon;
				INFOPLIST_FILE = FoodUp/Info.plist;
				LD_RUNPATH_SEARCH_PATHS = "$(inherited) @executable_path/Frameworks";
				PRODUCT_BUNDLE_IDENTIFIER = ca.sundeepgupta.FoodUp;
				PRODUCT_NAME = "$(TARGET_NAME)";
			};
			name = Debug;
		};
		2706EB4D1B6FA8AD009348A8 /* Release */ = {
			isa = XCBuildConfiguration;
			buildSettings = {
				ASSETCATALOG_COMPILER_APPICON_NAME = AppIcon;
				INFOPLIST_FILE = FoodUp/Info.plist;
				LD_RUNPATH_SEARCH_PATHS = "$(inherited) @executable_path/Frameworks";
				PRODUCT_BUNDLE_IDENTIFIER = ca.sundeepgupta.FoodUp;
				PRODUCT_NAME = "$(TARGET_NAME)";
			};
			name = Release;
		};
		2706EB621B6FB2B1009348A8 /* Debug */ = {
			isa = XCBuildConfiguration;
			buildSettings = {
				BUNDLE_LOADER = "$(TEST_HOST)";
				INFOPLIST_FILE = FoodUpTests/Info.plist;
				LD_RUNPATH_SEARCH_PATHS = "$(inherited) @executable_path/Frameworks @loader_path/Frameworks";
				PRODUCT_BUNDLE_IDENTIFIER = ca.sundeepgupta.FoodUpTests;
				PRODUCT_NAME = "$(TARGET_NAME)";
				TEST_HOST = "$(BUILT_PRODUCTS_DIR)/FoodUp.app/FoodUp";
			};
			name = Debug;
		};
		2706EB631B6FB2B1009348A8 /* Release */ = {
			isa = XCBuildConfiguration;
			buildSettings = {
				BUNDLE_LOADER = "$(TEST_HOST)";
				INFOPLIST_FILE = FoodUpTests/Info.plist;
				LD_RUNPATH_SEARCH_PATHS = "$(inherited) @executable_path/Frameworks @loader_path/Frameworks";
				PRODUCT_BUNDLE_IDENTIFIER = ca.sundeepgupta.FoodUpTests;
				PRODUCT_NAME = "$(TARGET_NAME)";
				TEST_HOST = "$(BUILT_PRODUCTS_DIR)/FoodUp.app/FoodUp";
			};
			name = Release;
		};
		279289501B703B600042F299 /* Debug */ = {
			isa = XCBuildConfiguration;
			buildSettings = {
				INFOPLIST_FILE = "FoodUpWatch Extension/Info.plist";
				LD_RUNPATH_SEARCH_PATHS = "$(inherited) @executable_path/Frameworks @executable_path/../../Frameworks";
				PRODUCT_BUNDLE_IDENTIFIER = ca.sundeepgupta.FoodUp.watchkitapp.watchkitextension;
				PRODUCT_NAME = "${TARGET_NAME}";
				SDKROOT = watchos;
				SKIP_INSTALL = YES;
				TARGETED_DEVICE_FAMILY = 4;
				WATCHOS_DEPLOYMENT_TARGET = 2.0;
			};
			name = Debug;
		};
		279289511B703B600042F299 /* Release */ = {
			isa = XCBuildConfiguration;
			buildSettings = {
				INFOPLIST_FILE = "FoodUpWatch Extension/Info.plist";
				LD_RUNPATH_SEARCH_PATHS = "$(inherited) @executable_path/Frameworks @executable_path/../../Frameworks";
				PRODUCT_BUNDLE_IDENTIFIER = ca.sundeepgupta.FoodUp.watchkitapp.watchkitextension;
				PRODUCT_NAME = "${TARGET_NAME}";
				SDKROOT = watchos;
				SKIP_INSTALL = YES;
				TARGETED_DEVICE_FAMILY = 4;
				WATCHOS_DEPLOYMENT_TARGET = 2.0;
			};
			name = Release;
		};
		279289541B703B600042F299 /* Debug */ = {
			isa = XCBuildConfiguration;
			buildSettings = {
				ASSETCATALOG_COMPILER_APPICON_NAME = AppIcon;
				EMBEDDED_CONTENT_CONTAINS_SWIFT = YES;
				IBSC_MODULE = FoodUpWatch_Extension;
				INFOPLIST_FILE = FoodUpWatch/Info.plist;
				PRODUCT_BUNDLE_IDENTIFIER = ca.sundeepgupta.FoodUp.watchkitapp;
				PRODUCT_NAME = "$(TARGET_NAME)";
				SDKROOT = watchos;
				SKIP_INSTALL = YES;
				TARGETED_DEVICE_FAMILY = 4;
				WATCHOS_DEPLOYMENT_TARGET = 2.0;
			};
			name = Debug;
		};
		279289551B703B600042F299 /* Release */ = {
			isa = XCBuildConfiguration;
			buildSettings = {
				ASSETCATALOG_COMPILER_APPICON_NAME = AppIcon;
				EMBEDDED_CONTENT_CONTAINS_SWIFT = YES;
				IBSC_MODULE = FoodUpWatch_Extension;
				INFOPLIST_FILE = FoodUpWatch/Info.plist;
				PRODUCT_BUNDLE_IDENTIFIER = ca.sundeepgupta.FoodUp.watchkitapp;
				PRODUCT_NAME = "$(TARGET_NAME)";
				SDKROOT = watchos;
				SKIP_INSTALL = YES;
				TARGETED_DEVICE_FAMILY = 4;
				WATCHOS_DEPLOYMENT_TARGET = 2.0;
			};
			name = Release;
		};
/* End XCBuildConfiguration section */

/* Begin XCConfigurationList section */
		2706EB341B6FA8AD009348A8 /* Build configuration list for PBXProject "FoodUp" */ = {
			isa = XCConfigurationList;
			buildConfigurations = (
				2706EB491B6FA8AD009348A8 /* Debug */,
				2706EB4A1B6FA8AD009348A8 /* Release */,
			);
			defaultConfigurationIsVisible = 0;
			defaultConfigurationName = Release;
		};
		2706EB4B1B6FA8AD009348A8 /* Build configuration list for PBXNativeTarget "FoodUp" */ = {
			isa = XCConfigurationList;
			buildConfigurations = (
				2706EB4C1B6FA8AD009348A8 /* Debug */,
				2706EB4D1B6FA8AD009348A8 /* Release */,
			);
			defaultConfigurationIsVisible = 0;
			defaultConfigurationName = Release;
		};
		2706EB611B6FB2B1009348A8 /* Build configuration list for PBXNativeTarget "FoodUpTests" */ = {
			isa = XCConfigurationList;
			buildConfigurations = (
				2706EB621B6FB2B1009348A8 /* Debug */,
				2706EB631B6FB2B1009348A8 /* Release */,
			);
			defaultConfigurationIsVisible = 0;
			defaultConfigurationName = Release;
		};
		2792894F1B703B600042F299 /* Build configuration list for PBXNativeTarget "FoodUpWatch Extension" */ = {
			isa = XCConfigurationList;
			buildConfigurations = (
				279289501B703B600042F299 /* Debug */,
				279289511B703B600042F299 /* Release */,
			);
			defaultConfigurationIsVisible = 0;
		};
		279289531B703B600042F299 /* Build configuration list for PBXNativeTarget "FoodUpWatch" */ = {
			isa = XCConfigurationList;
			buildConfigurations = (
				279289541B703B600042F299 /* Debug */,
				279289551B703B600042F299 /* Release */,
			);
			defaultConfigurationIsVisible = 0;
		};
/* End XCConfigurationList section */
	};
	rootObject = 2706EB311B6FA8AD009348A8 /* Project object */;
}
